// !$*UTF8*$!
{
	archiveVersion = 1;
	classes = {
	};
	objectVersion = 51;
	objects = {

/* Begin PBXBuildFile section */
		571DA360244472BE00B44EE8 /* Product.swift in Sources */ = {isa = PBXBuildFile; fileRef = 571DA35F244472BE00B44EE8 /* Product.swift */; };
		571DA3622444739800B44EE8 /* Collection+Extensions.swift in Sources */ = {isa = PBXBuildFile; fileRef = 571DA3612444739800B44EE8 /* Collection+Extensions.swift */; };
		571DA364244477B600B44EE8 /* DataProvider.swift in Sources */ = {isa = PBXBuildFile; fileRef = 571DA363244477B600B44EE8 /* DataProvider.swift */; };
		571DA36D2444839400B44EE8 /* HomeViewController.swift in Sources */ = {isa = PBXBuildFile; fileRef = 571DA36C2444839400B44EE8 /* HomeViewController.swift */; };
		571DA36F244485BF00B44EE8 /* CartViewController.swift in Sources */ = {isa = PBXBuildFile; fileRef = 571DA36E244485BF00B44EE8 /* CartViewController.swift */; };
		571DA3712444862500B44EE8 /* OrderManager.swift in Sources */ = {isa = PBXBuildFile; fileRef = 571DA3702444862500B44EE8 /* OrderManager.swift */; };
		571DA37324448AA600B44EE8 /* ProductCollectionViewLayout.swift in Sources */ = {isa = PBXBuildFile; fileRef = 571DA37224448AA600B44EE8 /* ProductCollectionViewLayout.swift */; };
		571DA37724448C6400B44EE8 /* ProductCell.swift in Sources */ = {isa = PBXBuildFile; fileRef = 571DA37624448C6400B44EE8 /* ProductCell.swift */; };
		571DA3792444935A00B44EE8 /* ProductDetailsViewController.swift in Sources */ = {isa = PBXBuildFile; fileRef = 571DA3782444935A00B44EE8 /* ProductDetailsViewController.swift */; };
		571DA37B244497A100B44EE8 /* UIImageView+Extensions.swift in Sources */ = {isa = PBXBuildFile; fileRef = 571DA37A244497A100B44EE8 /* UIImageView+Extensions.swift */; };
		571DA37D2444985D00B44EE8 /* NumberFormatter+Extensions.swift in Sources */ = {isa = PBXBuildFile; fileRef = 571DA37C2444985D00B44EE8 /* NumberFormatter+Extensions.swift */; };
		571DA3802444A4B100B44EE8 /* Button.swift in Sources */ = {isa = PBXBuildFile; fileRef = 571DA37F2444A4B100B44EE8 /* Button.swift */; };
		57436CE4243785820010B7E9 /* AppDelegate.swift in Sources */ = {isa = PBXBuildFile; fileRef = 57436CE3243785820010B7E9 /* AppDelegate.swift */; };
		57436CEB243785820010B7E9 /* Main.storyboard in Resources */ = {isa = PBXBuildFile; fileRef = 57436CE9243785820010B7E9 /* Main.storyboard */; };
		57436CED243785840010B7E9 /* Assets.xcassets in Resources */ = {isa = PBXBuildFile; fileRef = 57436CEC243785840010B7E9 /* Assets.xcassets */; };
		57436CF0243785840010B7E9 /* LaunchScreen.storyboard in Resources */ = {isa = PBXBuildFile; fileRef = 57436CEE243785840010B7E9 /* LaunchScreen.storyboard */; };
		574DA22B24CF1B8A00B8F09E /* GoogleService-Info.plist in Resources */ = {isa = PBXBuildFile; fileRef = 574DA22824CF1B8600B8F09E /* GoogleService-Info.plist */; };
		574DA22C24CF1B8E00B8F09E /* GoogleService-Info.plist in Resources */ = {isa = PBXBuildFile; fileRef = 574DA22A24CF1B8600B8F09E /* GoogleService-Info.plist */; };
		576E8C6325792157008D4DF8 /* WebViewViewController.swift in Sources */ = {isa = PBXBuildFile; fileRef = 576E8C6225792157008D4DF8 /* WebViewViewController.swift */; };
		576E8C6425792157008D4DF8 /* WebViewViewController.swift in Sources */ = {isa = PBXBuildFile; fileRef = 576E8C6225792157008D4DF8 /* WebViewViewController.swift */; };
		57752F7F245AE86A0022F8B9 /* SecretConstants.swift in Sources */ = {isa = PBXBuildFile; fileRef = 57752F7E245AE86A0022F8B9 /* SecretConstants.swift */; };
		57752F81245AF2910022F8B9 /* AttributionSDKHandler.swift in Sources */ = {isa = PBXBuildFile; fileRef = 57752F80245AF2910022F8B9 /* AttributionSDKHandler.swift */; };
		578BFAC2251CC1F500C6661E /* OfferDetailsViewController.swift in Sources */ = {isa = PBXBuildFile; fileRef = 578BFAC1251CC1F500C6661E /* OfferDetailsViewController.swift */; };
		578BFAC3251CC1F500C6661E /* OfferDetailsViewController.swift in Sources */ = {isa = PBXBuildFile; fileRef = 578BFAC1251CC1F500C6661E /* OfferDetailsViewController.swift */; };
		578BFAC9251CC84B00C6661E /* DeepLinkDataHandler.swift in Sources */ = {isa = PBXBuildFile; fileRef = 578BFAC8251CC84B00C6661E /* DeepLinkDataHandler.swift */; };
		578BFACA251CC84B00C6661E /* DeepLinkDataHandler.swift in Sources */ = {isa = PBXBuildFile; fileRef = 578BFAC8251CC84B00C6661E /* DeepLinkDataHandler.swift */; };
		578F753C2514AF4100E5FB0E /* UserDafaultKey.swift in Sources */ = {isa = PBXBuildFile; fileRef = 578F753B2514AF4100E5FB0E /* UserDafaultKey.swift */; };
		578F753D2514AF4100E5FB0E /* UserDafaultKey.swift in Sources */ = {isa = PBXBuildFile; fileRef = 578F753B2514AF4100E5FB0E /* UserDafaultKey.swift */; };
		578F75B32514C9D400E5FB0E /* OrderItem.swift in Sources */ = {isa = PBXBuildFile; fileRef = 578F75B22514C9D400E5FB0E /* OrderItem.swift */; };
		578F75B42514C9D400E5FB0E /* OrderItem.swift in Sources */ = {isa = PBXBuildFile; fileRef = 578F75B22514C9D400E5FB0E /* OrderItem.swift */; };
		57CF558C24CF04440006E105 /* ProductCollectionViewLayout.swift in Sources */ = {isa = PBXBuildFile; fileRef = 571DA37224448AA600B44EE8 /* ProductCollectionViewLayout.swift */; };
		57CF558D24CF04440006E105 /* ProductCell.swift in Sources */ = {isa = PBXBuildFile; fileRef = 571DA37624448C6400B44EE8 /* ProductCell.swift */; };
		57CF558E24CF04440006E105 /* AppCoordinator.swift in Sources */ = {isa = PBXBuildFile; fileRef = 57FBFFAE246AB9230060B0C9 /* AppCoordinator.swift */; };
		57CF558F24CF04440006E105 /* ProductDetailsViewController.swift in Sources */ = {isa = PBXBuildFile; fileRef = 571DA3782444935A00B44EE8 /* ProductDetailsViewController.swift */; };
		57CF559024CF04440006E105 /* Collection+Extensions.swift in Sources */ = {isa = PBXBuildFile; fileRef = 571DA3612444739800B44EE8 /* Collection+Extensions.swift */; };
		57CF559124CF04440006E105 /* DataProvider.swift in Sources */ = {isa = PBXBuildFile; fileRef = 571DA363244477B600B44EE8 /* DataProvider.swift */; };
		57CF559224CF04440006E105 /* UIViewController+Extensions.swift in Sources */ = {isa = PBXBuildFile; fileRef = 57FBFFB3246ABEFA0060B0C9 /* UIViewController+Extensions.swift */; };
		57CF559324CF04440006E105 /* AppDelegate.swift in Sources */ = {isa = PBXBuildFile; fileRef = 57436CE3243785820010B7E9 /* AppDelegate.swift */; };
		57CF559424CF04440006E105 /* UIImageView+Extensions.swift in Sources */ = {isa = PBXBuildFile; fileRef = 571DA37A244497A100B44EE8 /* UIImageView+Extensions.swift */; };
		57CF559524CF04440006E105 /* AccountViewController.swift in Sources */ = {isa = PBXBuildFile; fileRef = 57FBFFB0246ABDC40060B0C9 /* AccountViewController.swift */; };
		57CF559624CF04440006E105 /* Button.swift in Sources */ = {isa = PBXBuildFile; fileRef = 571DA37F2444A4B100B44EE8 /* Button.swift */; };
		57CF559724CF04440006E105 /* CartViewController.swift in Sources */ = {isa = PBXBuildFile; fileRef = 571DA36E244485BF00B44EE8 /* CartViewController.swift */; };
		57CF559824CF04440006E105 /* SecretConstants.swift in Sources */ = {isa = PBXBuildFile; fileRef = 57752F7E245AE86A0022F8B9 /* SecretConstants.swift */; };
		57CF559924CF04440006E105 /* AttributionSDKHandler.swift in Sources */ = {isa = PBXBuildFile; fileRef = 57752F80245AF2910022F8B9 /* AttributionSDKHandler.swift */; };
		57CF559A24CF04440006E105 /* NumberFormatter+Extensions.swift in Sources */ = {isa = PBXBuildFile; fileRef = 571DA37C2444985D00B44EE8 /* NumberFormatter+Extensions.swift */; };
		57CF559B24CF04440006E105 /* SignInViewController.swift in Sources */ = {isa = PBXBuildFile; fileRef = 57FBFFAA246AB2070060B0C9 /* SignInViewController.swift */; };
		57CF559C24CF04440006E105 /* OrderManager.swift in Sources */ = {isa = PBXBuildFile; fileRef = 571DA3702444862500B44EE8 /* OrderManager.swift */; };
		57CF559D24CF04440006E105 /* HomeViewController.swift in Sources */ = {isa = PBXBuildFile; fileRef = 571DA36C2444839400B44EE8 /* HomeViewController.swift */; };
		57CF559E24CF04440006E105 /* Product.swift in Sources */ = {isa = PBXBuildFile; fileRef = 571DA35F244472BE00B44EE8 /* Product.swift */; };
		57CF55A224CF04440006E105 /* SignInViewController.xib in Resources */ = {isa = PBXBuildFile; fileRef = 57FBFFAC246AB2240060B0C9 /* SignInViewController.xib */; };
		57CF55A324CF04440006E105 /* LaunchScreen.storyboard in Resources */ = {isa = PBXBuildFile; fileRef = 57436CEE243785840010B7E9 /* LaunchScreen.storyboard */; };
		57CF55A524CF04440006E105 /* Assets.xcassets in Resources */ = {isa = PBXBuildFile; fileRef = 57436CEC243785840010B7E9 /* Assets.xcassets */; };
		57CF55A624CF04440006E105 /* Main.storyboard in Resources */ = {isa = PBXBuildFile; fileRef = 57436CE9243785820010B7E9 /* Main.storyboard */; };
		57CF55B124CF09A40006E105 /* Environment.swift in Sources */ = {isa = PBXBuildFile; fileRef = 57CF55B024CF09A40006E105 /* Environment.swift */; };
		57CF55B224CF09A40006E105 /* Environment.swift in Sources */ = {isa = PBXBuildFile; fileRef = 57CF55B024CF09A40006E105 /* Environment.swift */; };
		57FBFFAB246AB2070060B0C9 /* SignInViewController.swift in Sources */ = {isa = PBXBuildFile; fileRef = 57FBFFAA246AB2070060B0C9 /* SignInViewController.swift */; };
		57FBFFAD246AB2240060B0C9 /* SignInViewController.xib in Resources */ = {isa = PBXBuildFile; fileRef = 57FBFFAC246AB2240060B0C9 /* SignInViewController.xib */; };
		57FBFFAF246AB9230060B0C9 /* AppCoordinator.swift in Sources */ = {isa = PBXBuildFile; fileRef = 57FBFFAE246AB9230060B0C9 /* AppCoordinator.swift */; };
		57FBFFB1246ABDC40060B0C9 /* AccountViewController.swift in Sources */ = {isa = PBXBuildFile; fileRef = 57FBFFB0246ABDC40060B0C9 /* AccountViewController.swift */; };
		57FBFFB4246ABEFA0060B0C9 /* UIViewController+Extensions.swift in Sources */ = {isa = PBXBuildFile; fileRef = 57FBFFB3246ABEFA0060B0C9 /* UIViewController+Extensions.swift */; };
		82E853D41822E8494112EC91 /* Pods_Main.framework in Frameworks */ = {isa = PBXBuildFile; fileRef = 54BFEF3C9EE89A6FCCD6FB76 /* Pods_Main.framework */; };
		875C2DC1DF32FB995684C26C /* Pods_Second.framework in Frameworks */ = {isa = PBXBuildFile; fileRef = 16422DB22ABA66EC310394D3 /* Pods_Second.framework */; };
/* End PBXBuildFile section */

/* Begin PBXFileReference section */
		0E9C5A9AE604441C23CBE1AB /* Pods-RADAdvertiserDemoSecond.debug.xcconfig */ = {isa = PBXFileReference; includeInIndex = 1; lastKnownFileType = text.xcconfig; name = "Pods-RADAdvertiserDemoSecond.debug.xcconfig"; path = "Target Support Files/Pods-RADAdvertiserDemoSecond/Pods-RADAdvertiserDemoSecond.debug.xcconfig"; sourceTree = "<group>"; };
		16422DB22ABA66EC310394D3 /* Pods_Second.framework */ = {isa = PBXFileReference; explicitFileType = wrapper.framework; includeInIndex = 0; path = Pods_Second.framework; sourceTree = BUILT_PRODUCTS_DIR; };
		3A8B63CF241C4E590FC54468 /* Pods-Main.release.xcconfig */ = {isa = PBXFileReference; includeInIndex = 1; lastKnownFileType = text.xcconfig; name = "Pods-Main.release.xcconfig"; path = "Target Support Files/Pods-Main/Pods-Main.release.xcconfig"; sourceTree = "<group>"; };
		54BFEF3C9EE89A6FCCD6FB76 /* Pods_Main.framework */ = {isa = PBXFileReference; explicitFileType = wrapper.framework; includeInIndex = 0; path = Pods_Main.framework; sourceTree = BUILT_PRODUCTS_DIR; };
		570B3E7524D02BF300A2C86B /* AppEntitlements.entitlements */ = {isa = PBXFileReference; fileEncoding = 4; lastKnownFileType = text.plist.entitlements; path = AppEntitlements.entitlements; sourceTree = "<group>"; };
		571DA35F244472BE00B44EE8 /* Product.swift */ = {isa = PBXFileReference; lastKnownFileType = sourcecode.swift; path = Product.swift; sourceTree = "<group>"; };
		571DA3612444739800B44EE8 /* Collection+Extensions.swift */ = {isa = PBXFileReference; lastKnownFileType = sourcecode.swift; path = "Collection+Extensions.swift"; sourceTree = "<group>"; };
		571DA363244477B600B44EE8 /* DataProvider.swift */ = {isa = PBXFileReference; lastKnownFileType = sourcecode.swift; path = DataProvider.swift; sourceTree = "<group>"; };
		571DA36C2444839400B44EE8 /* HomeViewController.swift */ = {isa = PBXFileReference; lastKnownFileType = sourcecode.swift; path = HomeViewController.swift; sourceTree = "<group>"; };
		571DA36E244485BF00B44EE8 /* CartViewController.swift */ = {isa = PBXFileReference; lastKnownFileType = sourcecode.swift; path = CartViewController.swift; sourceTree = "<group>"; };
		571DA3702444862500B44EE8 /* OrderManager.swift */ = {isa = PBXFileReference; lastKnownFileType = sourcecode.swift; path = OrderManager.swift; sourceTree = "<group>"; };
		571DA37224448AA600B44EE8 /* ProductCollectionViewLayout.swift */ = {isa = PBXFileReference; lastKnownFileType = sourcecode.swift; path = ProductCollectionViewLayout.swift; sourceTree = "<group>"; };
		571DA37624448C6400B44EE8 /* ProductCell.swift */ = {isa = PBXFileReference; lastKnownFileType = sourcecode.swift; path = ProductCell.swift; sourceTree = "<group>"; };
		571DA3782444935A00B44EE8 /* ProductDetailsViewController.swift */ = {isa = PBXFileReference; lastKnownFileType = sourcecode.swift; path = ProductDetailsViewController.swift; sourceTree = "<group>"; };
		571DA37A244497A100B44EE8 /* UIImageView+Extensions.swift */ = {isa = PBXFileReference; lastKnownFileType = sourcecode.swift; path = "UIImageView+Extensions.swift"; sourceTree = "<group>"; };
		571DA37C2444985D00B44EE8 /* NumberFormatter+Extensions.swift */ = {isa = PBXFileReference; lastKnownFileType = sourcecode.swift; path = "NumberFormatter+Extensions.swift"; sourceTree = "<group>"; };
		571DA37F2444A4B100B44EE8 /* Button.swift */ = {isa = PBXFileReference; lastKnownFileType = sourcecode.swift; path = Button.swift; sourceTree = "<group>"; };
		57436CE0243785820010B7E9 /* Adv Main Demo.app */ = {isa = PBXFileReference; explicitFileType = wrapper.application; includeInIndex = 0; path = "Adv Main Demo.app"; sourceTree = BUILT_PRODUCTS_DIR; };
		57436CE3243785820010B7E9 /* AppDelegate.swift */ = {isa = PBXFileReference; lastKnownFileType = sourcecode.swift; path = AppDelegate.swift; sourceTree = "<group>"; };
		57436CEA243785820010B7E9 /* Base */ = {isa = PBXFileReference; lastKnownFileType = file.storyboard; name = Base; path = Base.lproj/Main.storyboard; sourceTree = "<group>"; };
		57436CEC243785840010B7E9 /* Assets.xcassets */ = {isa = PBXFileReference; lastKnownFileType = folder.assetcatalog; path = Assets.xcassets; sourceTree = "<group>"; };
		57436CEF243785840010B7E9 /* Base */ = {isa = PBXFileReference; lastKnownFileType = file.storyboard; name = Base; path = Base.lproj/LaunchScreen.storyboard; sourceTree = "<group>"; };
		57436CF1243785840010B7E9 /* Info.plist */ = {isa = PBXFileReference; lastKnownFileType = text.plist.xml; path = Info.plist; sourceTree = "<group>"; };
		57436CF724378D5F0010B7E9 /* AppEntitlements.entitlements */ = {isa = PBXFileReference; lastKnownFileType = text.plist.entitlements; path = AppEntitlements.entitlements; sourceTree = "<group>"; };
		574DA22824CF1B8600B8F09E /* GoogleService-Info.plist */ = {isa = PBXFileReference; lastKnownFileType = text.plist.xml; path = "GoogleService-Info.plist"; sourceTree = "<group>"; };
		574DA22A24CF1B8600B8F09E /* GoogleService-Info.plist */ = {isa = PBXFileReference; lastKnownFileType = text.plist.xml; path = "GoogleService-Info.plist"; sourceTree = "<group>"; };
		576E8C6225792157008D4DF8 /* WebViewViewController.swift */ = {isa = PBXFileReference; lastKnownFileType = sourcecode.swift; path = WebViewViewController.swift; sourceTree = "<group>"; };
		57752F7E245AE86A0022F8B9 /* SecretConstants.swift */ = {isa = PBXFileReference; lastKnownFileType = sourcecode.swift; path = SecretConstants.swift; sourceTree = "<group>"; };
		57752F80245AF2910022F8B9 /* AttributionSDKHandler.swift */ = {isa = PBXFileReference; lastKnownFileType = sourcecode.swift; path = AttributionSDKHandler.swift; sourceTree = "<group>"; };
		578BFAC1251CC1F500C6661E /* OfferDetailsViewController.swift */ = {isa = PBXFileReference; lastKnownFileType = sourcecode.swift; path = OfferDetailsViewController.swift; sourceTree = "<group>"; };
		578BFAC8251CC84B00C6661E /* DeepLinkDataHandler.swift */ = {isa = PBXFileReference; lastKnownFileType = sourcecode.swift; path = DeepLinkDataHandler.swift; sourceTree = "<group>"; };
		578F753B2514AF4100E5FB0E /* UserDafaultKey.swift */ = {isa = PBXFileReference; lastKnownFileType = sourcecode.swift; path = UserDafaultKey.swift; sourceTree = "<group>"; };
		578F75B22514C9D400E5FB0E /* OrderItem.swift */ = {isa = PBXFileReference; lastKnownFileType = sourcecode.swift; path = OrderItem.swift; sourceTree = "<group>"; };
		57CF55AB24CF04440006E105 /* Adv Second Demo.app */ = {isa = PBXFileReference; explicitFileType = wrapper.application; includeInIndex = 0; path = "Adv Second Demo.app"; sourceTree = BUILT_PRODUCTS_DIR; };
		57CF55AD24CF09740006E105 /* Info.plist */ = {isa = PBXFileReference; fileEncoding = 4; lastKnownFileType = text.plist.xml; path = Info.plist; sourceTree = "<group>"; };
		57CF55B024CF09A40006E105 /* Environment.swift */ = {isa = PBXFileReference; lastKnownFileType = sourcecode.swift; path = Environment.swift; sourceTree = "<group>"; };
		57FBFFAA246AB2070060B0C9 /* SignInViewController.swift */ = {isa = PBXFileReference; lastKnownFileType = sourcecode.swift; path = SignInViewController.swift; sourceTree = "<group>"; };
		57FBFFAC246AB2240060B0C9 /* SignInViewController.xib */ = {isa = PBXFileReference; lastKnownFileType = file.xib; path = SignInViewController.xib; sourceTree = "<group>"; };
		57FBFFAE246AB9230060B0C9 /* AppCoordinator.swift */ = {isa = PBXFileReference; lastKnownFileType = sourcecode.swift; path = AppCoordinator.swift; sourceTree = "<group>"; };
		57FBFFB0246ABDC40060B0C9 /* AccountViewController.swift */ = {isa = PBXFileReference; lastKnownFileType = sourcecode.swift; path = AccountViewController.swift; sourceTree = "<group>"; };
		57FBFFB3246ABEFA0060B0C9 /* UIViewController+Extensions.swift */ = {isa = PBXFileReference; lastKnownFileType = sourcecode.swift; path = "UIViewController+Extensions.swift"; sourceTree = "<group>"; };
		61832CDB3255AB49206C3EC5 /* Pods-RADAdvertiserDemo.debug.xcconfig */ = {isa = PBXFileReference; includeInIndex = 1; lastKnownFileType = text.xcconfig; name = "Pods-RADAdvertiserDemo.debug.xcconfig"; path = "Target Support Files/Pods-RADAdvertiserDemo/Pods-RADAdvertiserDemo.debug.xcconfig"; sourceTree = "<group>"; };
		628CAC42D4CE434D1EB7FE91 /* Pods-Main.debug.xcconfig */ = {isa = PBXFileReference; includeInIndex = 1; lastKnownFileType = text.xcconfig; name = "Pods-Main.debug.xcconfig"; path = "Target Support Files/Pods-Main/Pods-Main.debug.xcconfig"; sourceTree = "<group>"; };
		A8B771A82BC1E5DB4CC3B7F6 /* Pods-Second.release.xcconfig */ = {isa = PBXFileReference; includeInIndex = 1; lastKnownFileType = text.xcconfig; name = "Pods-Second.release.xcconfig"; path = "Target Support Files/Pods-Second/Pods-Second.release.xcconfig"; sourceTree = "<group>"; };
		B47D4B37D4F9039852491F69 /* Pods-RADAdvertiserDemo.release.xcconfig */ = {isa = PBXFileReference; includeInIndex = 1; lastKnownFileType = text.xcconfig; name = "Pods-RADAdvertiserDemo.release.xcconfig"; path = "Target Support Files/Pods-RADAdvertiserDemo/Pods-RADAdvertiserDemo.release.xcconfig"; sourceTree = "<group>"; };
		BAD9603AB79BA46480A82091 /* Pods-RADAdvertiserDemoSecond.release.xcconfig */ = {isa = PBXFileReference; includeInIndex = 1; lastKnownFileType = text.xcconfig; name = "Pods-RADAdvertiserDemoSecond.release.xcconfig"; path = "Target Support Files/Pods-RADAdvertiserDemoSecond/Pods-RADAdvertiserDemoSecond.release.xcconfig"; sourceTree = "<group>"; };
		D6EFF3125881B602C975FD36 /* Pods-Second.debug.xcconfig */ = {isa = PBXFileReference; includeInIndex = 1; lastKnownFileType = text.xcconfig; name = "Pods-Second.debug.xcconfig"; path = "Target Support Files/Pods-Second/Pods-Second.debug.xcconfig"; sourceTree = "<group>"; };
/* End PBXFileReference section */

/* Begin PBXFrameworksBuildPhase section */
		57436CDD243785820010B7E9 /* Frameworks */ = {
			isa = PBXFrameworksBuildPhase;
			buildActionMask = 2147483647;
			files = (
				82E853D41822E8494112EC91 /* Pods_Main.framework in Frameworks */,
			);
			runOnlyForDeploymentPostprocessing = 0;
		};
		57CF559F24CF04440006E105 /* Frameworks */ = {
			isa = PBXFrameworksBuildPhase;
			buildActionMask = 2147483647;
			files = (
				875C2DC1DF32FB995684C26C /* Pods_Second.framework in Frameworks */,
			);
			runOnlyForDeploymentPostprocessing = 0;
		};
/* End PBXFrameworksBuildPhase section */

/* Begin PBXGroup section */
		310E0BFA664597902D40E6A1 /* Pods */ = {
			isa = PBXGroup;
			children = (
				61832CDB3255AB49206C3EC5 /* Pods-RADAdvertiserDemo.debug.xcconfig */,
				B47D4B37D4F9039852491F69 /* Pods-RADAdvertiserDemo.release.xcconfig */,
				0E9C5A9AE604441C23CBE1AB /* Pods-RADAdvertiserDemoSecond.debug.xcconfig */,
				BAD9603AB79BA46480A82091 /* Pods-RADAdvertiserDemoSecond.release.xcconfig */,
				628CAC42D4CE434D1EB7FE91 /* Pods-Main.debug.xcconfig */,
				3A8B63CF241C4E590FC54468 /* Pods-Main.release.xcconfig */,
				D6EFF3125881B602C975FD36 /* Pods-Second.debug.xcconfig */,
				A8B771A82BC1E5DB4CC3B7F6 /* Pods-Second.release.xcconfig */,
			);
			path = Pods;
			sourceTree = "<group>";
		};
		423F101ED4EA988282077884 /* Frameworks */ = {
			isa = PBXGroup;
			children = (
				54BFEF3C9EE89A6FCCD6FB76 /* Pods_Main.framework */,
				16422DB22ABA66EC310394D3 /* Pods_Second.framework */,
			);
			name = Frameworks;
			sourceTree = "<group>";
		};
		570B3E7324D02B9000A2C86B /* Second */ = {
			isa = PBXGroup;
			children = (
				570B3E7524D02BF300A2C86B /* AppEntitlements.entitlements */,
				574DA22824CF1B8600B8F09E /* GoogleService-Info.plist */,
				57CF55AD24CF09740006E105 /* Info.plist */,
			);
			path = Second;
			sourceTree = "<group>";
		};
		570B3E7424D02B9000A2C86B /* Main */ = {
			isa = PBXGroup;
			children = (
				574DA22A24CF1B8600B8F09E /* GoogleService-Info.plist */,
				57436CF724378D5F0010B7E9 /* AppEntitlements.entitlements */,
				57436CF1243785840010B7E9 /* Info.plist */,
			);
			path = Main;
			sourceTree = "<group>";
		};
		571DA36524447CCF00B44EE8 /* ViewControllers */ = {
			isa = PBXGroup;
			children = (
				57FBFFA9246AB1ED0060B0C9 /* Account */,
				571DA36C2444839400B44EE8 /* HomeViewController.swift */,
				571DA3782444935A00B44EE8 /* ProductDetailsViewController.swift */,
				578BFAC1251CC1F500C6661E /* OfferDetailsViewController.swift */,
				571DA36E244485BF00B44EE8 /* CartViewController.swift */,
				576E8C6225792157008D4DF8 /* WebViewViewController.swift */,
			);
			path = ViewControllers;
			sourceTree = "<group>";
		};
		571DA36624447CF600B44EE8 /* Extensions */ = {
			isa = PBXGroup;
			children = (
				571DA3612444739800B44EE8 /* Collection+Extensions.swift */,
				571DA37A244497A100B44EE8 /* UIImageView+Extensions.swift */,
				571DA37C2444985D00B44EE8 /* NumberFormatter+Extensions.swift */,
				57FBFFB3246ABEFA0060B0C9 /* UIViewController+Extensions.swift */,
			);
			path = Extensions;
			sourceTree = "<group>";
		};
		571DA36724447D0300B44EE8 /* Helpers */ = {
			isa = PBXGroup;
			children = (
				571DA363244477B600B44EE8 /* DataProvider.swift */,
				571DA3702444862500B44EE8 /* OrderManager.swift */,
				57752F7E245AE86A0022F8B9 /* SecretConstants.swift */,
				57752F80245AF2910022F8B9 /* AttributionSDKHandler.swift */,
				578BFAC8251CC84B00C6661E /* DeepLinkDataHandler.swift */,
				57FBFFAE246AB9230060B0C9 /* AppCoordinator.swift */,
				578F753B2514AF4100E5FB0E /* UserDafaultKey.swift */,
			);
			path = Helpers;
			sourceTree = "<group>";
		};
		571DA36824447D0F00B44EE8 /* Models */ = {
			isa = PBXGroup;
			children = (
				571DA35F244472BE00B44EE8 /* Product.swift */,
				578F75B22514C9D400E5FB0E /* OrderItem.swift */,
			);
			path = Models;
			sourceTree = "<group>";
		};
		571DA36924447D2500B44EE8 /* Resources */ = {
			isa = PBXGroup;
			children = (
				57436CE9243785820010B7E9 /* Main.storyboard */,
				57436CEC243785840010B7E9 /* Assets.xcassets */,
				57436CEE243785840010B7E9 /* LaunchScreen.storyboard */,
				570B3E7424D02B9000A2C86B /* Main */,
				570B3E7324D02B9000A2C86B /* Second */,
			);
			path = Resources;
			sourceTree = "<group>";
		};
		571DA37E2444A49E00B44EE8 /* Views */ = {
			isa = PBXGroup;
			children = (
				571DA37224448AA600B44EE8 /* ProductCollectionViewLayout.swift */,
				571DA37624448C6400B44EE8 /* ProductCell.swift */,
				571DA37F2444A4B100B44EE8 /* Button.swift */,
			);
			path = Views;
			sourceTree = "<group>";
		};
		57436CD7243785820010B7E9 = {
			isa = PBXGroup;
			children = (
				57436CE2243785820010B7E9 /* RADAdvertiserDemo */,
				57436CE1243785820010B7E9 /* Products */,
				310E0BFA664597902D40E6A1 /* Pods */,
				423F101ED4EA988282077884 /* Frameworks */,
			);
			sourceTree = "<group>";
		};
		57436CE1243785820010B7E9 /* Products */ = {
			isa = PBXGroup;
			children = (
				57436CE0243785820010B7E9 /* Adv Main Demo.app */,
				57CF55AB24CF04440006E105 /* Adv Second Demo.app */,
			);
			name = Products;
			sourceTree = "<group>";
		};
		57436CE2243785820010B7E9 /* RADAdvertiserDemo */ = {
			isa = PBXGroup;
			children = (
				571DA37E2444A49E00B44EE8 /* Views */,
				571DA36824447D0F00B44EE8 /* Models */,
				571DA36724447D0300B44EE8 /* Helpers */,
				571DA36624447CF600B44EE8 /* Extensions */,
				571DA36524447CCF00B44EE8 /* ViewControllers */,
				57436CE3243785820010B7E9 /* AppDelegate.swift */,
				57CF55B024CF09A40006E105 /* Environment.swift */,
				571DA36924447D2500B44EE8 /* Resources */,
			);
			path = RADAdvertiserDemo;
			sourceTree = "<group>";
		};
		57FBFFA9246AB1ED0060B0C9 /* Account */ = {
			isa = PBXGroup;
			children = (
				57FBFFAA246AB2070060B0C9 /* SignInViewController.swift */,
				57FBFFAC246AB2240060B0C9 /* SignInViewController.xib */,
				57FBFFB0246ABDC40060B0C9 /* AccountViewController.swift */,
			);
			path = Account;
			sourceTree = "<group>";
		};
/* End PBXGroup section */

/* Begin PBXNativeTarget section */
		57436CDF243785820010B7E9 /* Main */ = {
			isa = PBXNativeTarget;
			buildConfigurationList = 57436CF4243785840010B7E9 /* Build configuration list for PBXNativeTarget "Main" */;
			buildPhases = (
				B62C6DE68CDB511D7F75CE62 /* [CP] Check Pods Manifest.lock */,
				57436CDC243785820010B7E9 /* Sources */,
				57436CDD243785820010B7E9 /* Frameworks */,
				57436CDE243785820010B7E9 /* Resources */,
				77C49D46BEDBD5F4A61E11A2 /* [CP] Embed Pods Frameworks */,
			);
			buildRules = (
			);
			dependencies = (
			);
			name = Main;
			productName = RADAdvertiserDemo;
			productReference = 57436CE0243785820010B7E9 /* Adv Main Demo.app */;
			productType = "com.apple.product-type.application";
		};
		57CF558924CF04440006E105 /* Second */ = {
			isa = PBXNativeTarget;
			buildConfigurationList = 57CF55A824CF04440006E105 /* Build configuration list for PBXNativeTarget "Second" */;
			buildPhases = (
				57CF558A24CF04440006E105 /* [CP] Check Pods Manifest.lock */,
				57CF558B24CF04440006E105 /* Sources */,
				57CF559F24CF04440006E105 /* Frameworks */,
				57CF55A124CF04440006E105 /* Resources */,
				57CF55A724CF04440006E105 /* [CP] Embed Pods Frameworks */,
			);
			buildRules = (
			);
			dependencies = (
			);
			name = Second;
			productName = RADAdvertiserDemo;
			productReference = 57CF55AB24CF04440006E105 /* Adv Second Demo.app */;
			productType = "com.apple.product-type.application";
		};
/* End PBXNativeTarget section */

/* Begin PBXProject section */
		57436CD8243785820010B7E9 /* Project object */ = {
			isa = PBXProject;
			attributes = {
				LastSwiftUpdateCheck = 1140;
				LastUpgradeCheck = 1200;
				ORGANIZATIONNAME = "Rakuten Advertising";
				TargetAttributes = {
					57436CDF243785820010B7E9 = {
						CreatedOnToolsVersion = 11.4;
					};
				};
			};
			buildConfigurationList = 57436CDB243785820010B7E9 /* Build configuration list for PBXProject "RADAdvertiserDemo" */;
			compatibilityVersion = "Xcode 9.3";
			developmentRegion = en;
			hasScannedForEncodings = 0;
			knownRegions = (
				en,
				Base,
			);
			mainGroup = 57436CD7243785820010B7E9;
			productRefGroup = 57436CE1243785820010B7E9 /* Products */;
			projectDirPath = "";
			projectRoot = "";
			targets = (
				57436CDF243785820010B7E9 /* Main */,
				57CF558924CF04440006E105 /* Second */,
			);
		};
/* End PBXProject section */

/* Begin PBXResourcesBuildPhase section */
		57436CDE243785820010B7E9 /* Resources */ = {
			isa = PBXResourcesBuildPhase;
			buildActionMask = 2147483647;
			files = (
				57FBFFAD246AB2240060B0C9 /* SignInViewController.xib in Resources */,
				57436CF0243785840010B7E9 /* LaunchScreen.storyboard in Resources */,
				574DA22C24CF1B8E00B8F09E /* GoogleService-Info.plist in Resources */,
				57436CED243785840010B7E9 /* Assets.xcassets in Resources */,
				57436CEB243785820010B7E9 /* Main.storyboard in Resources */,
			);
			runOnlyForDeploymentPostprocessing = 0;
		};
		57CF55A124CF04440006E105 /* Resources */ = {
			isa = PBXResourcesBuildPhase;
			buildActionMask = 2147483647;
			files = (
				57CF55A224CF04440006E105 /* SignInViewController.xib in Resources */,
				57CF55A324CF04440006E105 /* LaunchScreen.storyboard in Resources */,
				574DA22B24CF1B8A00B8F09E /* GoogleService-Info.plist in Resources */,
				57CF55A524CF04440006E105 /* Assets.xcassets in Resources */,
				57CF55A624CF04440006E105 /* Main.storyboard in Resources */,
			);
			runOnlyForDeploymentPostprocessing = 0;
		};
/* End PBXResourcesBuildPhase section */

/* Begin PBXShellScriptBuildPhase section */
		57CF558A24CF04440006E105 /* [CP] Check Pods Manifest.lock */ = {
			isa = PBXShellScriptBuildPhase;
			buildActionMask = 2147483647;
			files = (
			);
			inputFileListPaths = (
			);
			inputPaths = (
				"${PODS_PODFILE_DIR_PATH}/Podfile.lock",
				"${PODS_ROOT}/Manifest.lock",
			);
			name = "[CP] Check Pods Manifest.lock";
			outputFileListPaths = (
			);
			outputPaths = (
				"$(DERIVED_FILE_DIR)/Pods-Second-checkManifestLockResult.txt",
			);
			runOnlyForDeploymentPostprocessing = 0;
			shellPath = /bin/sh;
			shellScript = "diff \"${PODS_PODFILE_DIR_PATH}/Podfile.lock\" \"${PODS_ROOT}/Manifest.lock\" > /dev/null\nif [ $? != 0 ] ; then\n    # print error to STDERR\n    echo \"error: The sandbox is not in sync with the Podfile.lock. Run 'pod install' or update your CocoaPods installation.\" >&2\n    exit 1\nfi\n# This output is used by Xcode 'outputs' to avoid re-running this script phase.\necho \"SUCCESS\" > \"${SCRIPT_OUTPUT_FILE_0}\"\n";
			showEnvVarsInLog = 0;
		};
		57CF55A724CF04440006E105 /* [CP] Embed Pods Frameworks */ = {
			isa = PBXShellScriptBuildPhase;
			buildActionMask = 2147483647;
			files = (
			);
			inputFileListPaths = (
				"${PODS_ROOT}/Target Support Files/Pods-Second/Pods-Second-frameworks-${CONFIGURATION}-input-files.xcfilelist",
			);
			name = "[CP] Embed Pods Frameworks";
			outputFileListPaths = (
				"${PODS_ROOT}/Target Support Files/Pods-Second/Pods-Second-frameworks-${CONFIGURATION}-output-files.xcfilelist",
			);
			runOnlyForDeploymentPostprocessing = 0;
			shellPath = /bin/sh;
			shellScript = "\"${PODS_ROOT}/Target Support Files/Pods-Second/Pods-Second-frameworks.sh\"\n";
			showEnvVarsInLog = 0;
		};
		77C49D46BEDBD5F4A61E11A2 /* [CP] Embed Pods Frameworks */ = {
			isa = PBXShellScriptBuildPhase;
			buildActionMask = 2147483647;
			files = (
			);
			inputFileListPaths = (
				"${PODS_ROOT}/Target Support Files/Pods-Main/Pods-Main-frameworks-${CONFIGURATION}-input-files.xcfilelist",
			);
			name = "[CP] Embed Pods Frameworks";
			outputFileListPaths = (
				"${PODS_ROOT}/Target Support Files/Pods-Main/Pods-Main-frameworks-${CONFIGURATION}-output-files.xcfilelist",
			);
			runOnlyForDeploymentPostprocessing = 0;
			shellPath = /bin/sh;
			shellScript = "\"${PODS_ROOT}/Target Support Files/Pods-Main/Pods-Main-frameworks.sh\"\n";
			showEnvVarsInLog = 0;
		};
		B62C6DE68CDB511D7F75CE62 /* [CP] Check Pods Manifest.lock */ = {
			isa = PBXShellScriptBuildPhase;
			buildActionMask = 2147483647;
			files = (
			);
			inputFileListPaths = (
			);
			inputPaths = (
				"${PODS_PODFILE_DIR_PATH}/Podfile.lock",
				"${PODS_ROOT}/Manifest.lock",
			);
			name = "[CP] Check Pods Manifest.lock";
			outputFileListPaths = (
			);
			outputPaths = (
				"$(DERIVED_FILE_DIR)/Pods-Main-checkManifestLockResult.txt",
			);
			runOnlyForDeploymentPostprocessing = 0;
			shellPath = /bin/sh;
			shellScript = "diff \"${PODS_PODFILE_DIR_PATH}/Podfile.lock\" \"${PODS_ROOT}/Manifest.lock\" > /dev/null\nif [ $? != 0 ] ; then\n    # print error to STDERR\n    echo \"error: The sandbox is not in sync with the Podfile.lock. Run 'pod install' or update your CocoaPods installation.\" >&2\n    exit 1\nfi\n# This output is used by Xcode 'outputs' to avoid re-running this script phase.\necho \"SUCCESS\" > \"${SCRIPT_OUTPUT_FILE_0}\"\n";
			showEnvVarsInLog = 0;
		};
/* End PBXShellScriptBuildPhase section */

/* Begin PBXSourcesBuildPhase section */
		57436CDC243785820010B7E9 /* Sources */ = {
			isa = PBXSourcesBuildPhase;
			buildActionMask = 2147483647;
			files = (
				571DA37324448AA600B44EE8 /* ProductCollectionViewLayout.swift in Sources */,
				571DA37724448C6400B44EE8 /* ProductCell.swift in Sources */,
				578F753C2514AF4100E5FB0E /* UserDafaultKey.swift in Sources */,
				57FBFFAF246AB9230060B0C9 /* AppCoordinator.swift in Sources */,
				571DA3792444935A00B44EE8 /* ProductDetailsViewController.swift in Sources */,
				578F75B32514C9D400E5FB0E /* OrderItem.swift in Sources */,
				571DA3622444739800B44EE8 /* Collection+Extensions.swift in Sources */,
				576E8C6325792157008D4DF8 /* WebViewViewController.swift in Sources */,
				571DA364244477B600B44EE8 /* DataProvider.swift in Sources */,
				578BFAC9251CC84B00C6661E /* DeepLinkDataHandler.swift in Sources */,
				57FBFFB4246ABEFA0060B0C9 /* UIViewController+Extensions.swift in Sources */,
				57436CE4243785820010B7E9 /* AppDelegate.swift in Sources */,
				571DA37B244497A100B44EE8 /* UIImageView+Extensions.swift in Sources */,
				57CF55B124CF09A40006E105 /* Environment.swift in Sources */,
				57FBFFB1246ABDC40060B0C9 /* AccountViewController.swift in Sources */,
				571DA3802444A4B100B44EE8 /* Button.swift in Sources */,
				571DA36F244485BF00B44EE8 /* CartViewController.swift in Sources */,
				57752F7F245AE86A0022F8B9 /* SecretConstants.swift in Sources */,
				57752F81245AF2910022F8B9 /* AttributionSDKHandler.swift in Sources */,
				571DA37D2444985D00B44EE8 /* NumberFormatter+Extensions.swift in Sources */,
				57FBFFAB246AB2070060B0C9 /* SignInViewController.swift in Sources */,
				571DA3712444862500B44EE8 /* OrderManager.swift in Sources */,
				578BFAC2251CC1F500C6661E /* OfferDetailsViewController.swift in Sources */,
				571DA36D2444839400B44EE8 /* HomeViewController.swift in Sources */,
				571DA360244472BE00B44EE8 /* Product.swift in Sources */,
			);
			runOnlyForDeploymentPostprocessing = 0;
		};
		57CF558B24CF04440006E105 /* Sources */ = {
			isa = PBXSourcesBuildPhase;
			buildActionMask = 2147483647;
			files = (
				57CF558C24CF04440006E105 /* ProductCollectionViewLayout.swift in Sources */,
				57CF558D24CF04440006E105 /* ProductCell.swift in Sources */,
				578F753D2514AF4100E5FB0E /* UserDafaultKey.swift in Sources */,
				57CF558E24CF04440006E105 /* AppCoordinator.swift in Sources */,
				57CF558F24CF04440006E105 /* ProductDetailsViewController.swift in Sources */,
				578F75B42514C9D400E5FB0E /* OrderItem.swift in Sources */,
				57CF559024CF04440006E105 /* Collection+Extensions.swift in Sources */,
				576E8C6425792157008D4DF8 /* WebViewViewController.swift in Sources */,
				57CF559124CF04440006E105 /* DataProvider.swift in Sources */,
				578BFACA251CC84B00C6661E /* DeepLinkDataHandler.swift in Sources */,
				57CF559224CF04440006E105 /* UIViewController+Extensions.swift in Sources */,
				57CF559324CF04440006E105 /* AppDelegate.swift in Sources */,
				57CF559424CF04440006E105 /* UIImageView+Extensions.swift in Sources */,
				57CF55B224CF09A40006E105 /* Environment.swift in Sources */,
				57CF559524CF04440006E105 /* AccountViewController.swift in Sources */,
				57CF559624CF04440006E105 /* Button.swift in Sources */,
				57CF559724CF04440006E105 /* CartViewController.swift in Sources */,
				57CF559824CF04440006E105 /* SecretConstants.swift in Sources */,
				57CF559924CF04440006E105 /* AttributionSDKHandler.swift in Sources */,
				57CF559A24CF04440006E105 /* NumberFormatter+Extensions.swift in Sources */,
				57CF559B24CF04440006E105 /* SignInViewController.swift in Sources */,
				57CF559C24CF04440006E105 /* OrderManager.swift in Sources */,
				578BFAC3251CC1F500C6661E /* OfferDetailsViewController.swift in Sources */,
				57CF559D24CF04440006E105 /* HomeViewController.swift in Sources */,
				57CF559E24CF04440006E105 /* Product.swift in Sources */,
			);
			runOnlyForDeploymentPostprocessing = 0;
		};
/* End PBXSourcesBuildPhase section */

/* Begin PBXVariantGroup section */
		57436CE9243785820010B7E9 /* Main.storyboard */ = {
			isa = PBXVariantGroup;
			children = (
				57436CEA243785820010B7E9 /* Base */,
			);
			name = Main.storyboard;
			sourceTree = "<group>";
		};
		57436CEE243785840010B7E9 /* LaunchScreen.storyboard */ = {
			isa = PBXVariantGroup;
			children = (
				57436CEF243785840010B7E9 /* Base */,
			);
			name = LaunchScreen.storyboard;
			sourceTree = "<group>";
		};
/* End PBXVariantGroup section */

/* Begin XCBuildConfiguration section */
		57436CF2243785840010B7E9 /* Debug */ = {
			isa = XCBuildConfiguration;
			buildSettings = {
				ALWAYS_SEARCH_USER_PATHS = NO;
				CLANG_ANALYZER_NONNULL = YES;
				CLANG_ANALYZER_NUMBER_OBJECT_CONVERSION = YES_AGGRESSIVE;
				CLANG_CXX_LANGUAGE_STANDARD = "gnu++14";
				CLANG_CXX_LIBRARY = "libc++";
				CLANG_ENABLE_MODULES = YES;
				CLANG_ENABLE_OBJC_ARC = YES;
				CLANG_ENABLE_OBJC_WEAK = YES;
				CLANG_WARN_BLOCK_CAPTURE_AUTORELEASING = YES;
				CLANG_WARN_BOOL_CONVERSION = YES;
				CLANG_WARN_COMMA = YES;
				CLANG_WARN_CONSTANT_CONVERSION = YES;
				CLANG_WARN_DEPRECATED_OBJC_IMPLEMENTATIONS = YES;
				CLANG_WARN_DIRECT_OBJC_ISA_USAGE = YES_ERROR;
				CLANG_WARN_DOCUMENTATION_COMMENTS = YES;
				CLANG_WARN_EMPTY_BODY = YES;
				CLANG_WARN_ENUM_CONVERSION = YES;
				CLANG_WARN_INFINITE_RECURSION = YES;
				CLANG_WARN_INT_CONVERSION = YES;
				CLANG_WARN_NON_LITERAL_NULL_CONVERSION = YES;
				CLANG_WARN_OBJC_IMPLICIT_RETAIN_SELF = YES;
				CLANG_WARN_OBJC_LITERAL_CONVERSION = YES;
				CLANG_WARN_OBJC_ROOT_CLASS = YES_ERROR;
				CLANG_WARN_QUOTED_INCLUDE_IN_FRAMEWORK_HEADER = YES;
				CLANG_WARN_RANGE_LOOP_ANALYSIS = YES;
				CLANG_WARN_STRICT_PROTOTYPES = YES;
				CLANG_WARN_SUSPICIOUS_MOVE = YES;
				CLANG_WARN_UNGUARDED_AVAILABILITY = YES_AGGRESSIVE;
				CLANG_WARN_UNREACHABLE_CODE = YES;
				CLANG_WARN__DUPLICATE_METHOD_MATCH = YES;
				COPY_PHASE_STRIP = NO;
				DEBUG_INFORMATION_FORMAT = dwarf;
				ENABLE_STRICT_OBJC_MSGSEND = YES;
				ENABLE_TESTABILITY = YES;
				GCC_C_LANGUAGE_STANDARD = gnu11;
				GCC_DYNAMIC_NO_PIC = NO;
				GCC_NO_COMMON_BLOCKS = YES;
				GCC_OPTIMIZATION_LEVEL = 0;
				GCC_PREPROCESSOR_DEFINITIONS = (
					"DEBUG=1",
					"$(inherited)",
				);
				GCC_WARN_64_TO_32_BIT_CONVERSION = YES;
				GCC_WARN_ABOUT_RETURN_TYPE = YES_ERROR;
				GCC_WARN_UNDECLARED_SELECTOR = YES;
				GCC_WARN_UNINITIALIZED_AUTOS = YES_AGGRESSIVE;
				GCC_WARN_UNUSED_FUNCTION = YES;
				GCC_WARN_UNUSED_VARIABLE = YES;
				IPHONEOS_DEPLOYMENT_TARGET = 13.0;
				MTL_ENABLE_DEBUG_INFO = INCLUDE_SOURCE;
				MTL_FAST_MATH = YES;
				ONLY_ACTIVE_ARCH = YES;
				SDKROOT = iphoneos;
				SWIFT_ACTIVE_COMPILATION_CONDITIONS = DEBUG;
				SWIFT_OPTIMIZATION_LEVEL = "-Onone";
			};
			name = Debug;
		};
		57436CF3243785840010B7E9 /* Release */ = {
			isa = XCBuildConfiguration;
			buildSettings = {
				ALWAYS_SEARCH_USER_PATHS = NO;
				CLANG_ANALYZER_NONNULL = YES;
				CLANG_ANALYZER_NUMBER_OBJECT_CONVERSION = YES_AGGRESSIVE;
				CLANG_CXX_LANGUAGE_STANDARD = "gnu++14";
				CLANG_CXX_LIBRARY = "libc++";
				CLANG_ENABLE_MODULES = YES;
				CLANG_ENABLE_OBJC_ARC = YES;
				CLANG_ENABLE_OBJC_WEAK = YES;
				CLANG_WARN_BLOCK_CAPTURE_AUTORELEASING = YES;
				CLANG_WARN_BOOL_CONVERSION = YES;
				CLANG_WARN_COMMA = YES;
				CLANG_WARN_CONSTANT_CONVERSION = YES;
				CLANG_WARN_DEPRECATED_OBJC_IMPLEMENTATIONS = YES;
				CLANG_WARN_DIRECT_OBJC_ISA_USAGE = YES_ERROR;
				CLANG_WARN_DOCUMENTATION_COMMENTS = YES;
				CLANG_WARN_EMPTY_BODY = YES;
				CLANG_WARN_ENUM_CONVERSION = YES;
				CLANG_WARN_INFINITE_RECURSION = YES;
				CLANG_WARN_INT_CONVERSION = YES;
				CLANG_WARN_NON_LITERAL_NULL_CONVERSION = YES;
				CLANG_WARN_OBJC_IMPLICIT_RETAIN_SELF = YES;
				CLANG_WARN_OBJC_LITERAL_CONVERSION = YES;
				CLANG_WARN_OBJC_ROOT_CLASS = YES_ERROR;
				CLANG_WARN_QUOTED_INCLUDE_IN_FRAMEWORK_HEADER = YES;
				CLANG_WARN_RANGE_LOOP_ANALYSIS = YES;
				CLANG_WARN_STRICT_PROTOTYPES = YES;
				CLANG_WARN_SUSPICIOUS_MOVE = YES;
				CLANG_WARN_UNGUARDED_AVAILABILITY = YES_AGGRESSIVE;
				CLANG_WARN_UNREACHABLE_CODE = YES;
				CLANG_WARN__DUPLICATE_METHOD_MATCH = YES;
				COPY_PHASE_STRIP = NO;
				DEBUG_INFORMATION_FORMAT = "dwarf-with-dsym";
				ENABLE_NS_ASSERTIONS = NO;
				ENABLE_STRICT_OBJC_MSGSEND = YES;
				GCC_C_LANGUAGE_STANDARD = gnu11;
				GCC_NO_COMMON_BLOCKS = YES;
				GCC_WARN_64_TO_32_BIT_CONVERSION = YES;
				GCC_WARN_ABOUT_RETURN_TYPE = YES_ERROR;
				GCC_WARN_UNDECLARED_SELECTOR = YES;
				GCC_WARN_UNINITIALIZED_AUTOS = YES_AGGRESSIVE;
				GCC_WARN_UNUSED_FUNCTION = YES;
				GCC_WARN_UNUSED_VARIABLE = YES;
				IPHONEOS_DEPLOYMENT_TARGET = 13.0;
				MTL_ENABLE_DEBUG_INFO = NO;
				MTL_FAST_MATH = YES;
				SDKROOT = iphoneos;
				SWIFT_COMPILATION_MODE = wholemodule;
				SWIFT_OPTIMIZATION_LEVEL = "-O";
				VALIDATE_PRODUCT = YES;
			};
			name = Release;
		};
		57436CF5243785840010B7E9 /* Debug */ = {
			isa = XCBuildConfiguration;
			baseConfigurationReference = 628CAC42D4CE434D1EB7FE91 /* Pods-Main.debug.xcconfig */;
			buildSettings = {
				ASSETCATALOG_COMPILER_APPICON_NAME = AppIcon;
				CODE_SIGN_ENTITLEMENTS = RADAdvertiserDemo/Resources/Main/AppEntitlements.entitlements;
				CODE_SIGN_IDENTITY = "iPhone Developer";
				CODE_SIGN_STYLE = Manual;
				CURRENT_PROJECT_VERSION = 55;
				DEVELOPMENT_TEAM = Y7X3534ZWR;
				GCC_PREPROCESSOR_DEFINITIONS = (
					"$(inherited)",
					"COCOAPODS=1",
					"$(inherited)",
					"PB_FIELD_32BIT=1",
					"PB_NO_PACKED_STRUCTS=1",
					"PB_ENABLE_MALLOC=1",
				);
				INFOPLIST_FILE = RADAdvertiserDemo/Resources/Main/Info.plist;
				IPHONEOS_DEPLOYMENT_TARGET = 11.0;
				LD_RUNPATH_SEARCH_PATHS = (
					"$(inherited)",
					"@executable_path/Frameworks",
				);
				MARKETING_VERSION = 1.0.0;
				OTHER_SWIFT_FLAGS = "$(inherited) -D COCOAPODS -D MAIN_APP";
				PRODUCT_BUNDLE_IDENTIFIER = com.rakutenadvertising.RADAdvertiserDemo;
				PRODUCT_NAME = "Adv Main Demo";
				PROVISIONING_PROFILE_SPECIFIER = "RADAdvertiserDemo DEV PP";
				SWIFT_VERSION = 5.0;
				TARGETED_DEVICE_FAMILY = 1;
			};
			name = Debug;
		};
		57436CF6243785840010B7E9 /* Release */ = {
			isa = XCBuildConfiguration;
			baseConfigurationReference = 3A8B63CF241C4E590FC54468 /* Pods-Main.release.xcconfig */;
			buildSettings = {
				ASSETCATALOG_COMPILER_APPICON_NAME = AppIcon;
				CODE_SIGN_ENTITLEMENTS = RADAdvertiserDemo/Resources/Main/AppEntitlements.entitlements;
				CODE_SIGN_IDENTITY = "iPhone Distribution";
				CODE_SIGN_STYLE = Manual;
				CURRENT_PROJECT_VERSION = 55;
				DEVELOPMENT_TEAM = Y7X3534ZWR;
				GCC_PREPROCESSOR_DEFINITIONS = (
					"$(inherited)",
					"COCOAPODS=1",
					"$(inherited)",
					"PB_FIELD_32BIT=1",
					"PB_NO_PACKED_STRUCTS=1",
					"PB_ENABLE_MALLOC=1",
				);
				INFOPLIST_FILE = RADAdvertiserDemo/Resources/Main/Info.plist;
				IPHONEOS_DEPLOYMENT_TARGET = 11.0;
				LD_RUNPATH_SEARCH_PATHS = (
					"$(inherited)",
					"@executable_path/Frameworks",
				);
				MARKETING_VERSION = 1.0.0;
				OTHER_SWIFT_FLAGS = "$(inherited) -D COCOAPODS -D MAIN_APP";
				PRODUCT_BUNDLE_IDENTIFIER = com.rakutenadvertising.RADAdvertiserDemo;
				PRODUCT_NAME = "Adv Main Demo";
				PROVISIONING_PROFILE_SPECIFIER = "RADAdvertiserDemo Production PP";
				SWIFT_VERSION = 5.0;
				TARGETED_DEVICE_FAMILY = 1;
			};
			name = Release;
		};
		57CF55A924CF04440006E105 /* Debug */ = {
			isa = XCBuildConfiguration;
			baseConfigurationReference = D6EFF3125881B602C975FD36 /* Pods-Second.debug.xcconfig */;
			buildSettings = {
				ASSETCATALOG_COMPILER_APPICON_NAME = AppIcon;
				CODE_SIGN_ENTITLEMENTS = RADAdvertiserDemo/Resources/Second/AppEntitlements.entitlements;
				CODE_SIGN_IDENTITY = "iPhone Developer";
				CODE_SIGN_STYLE = Manual;
				CURRENT_PROJECT_VERSION = 55;
				DEVELOPMENT_TEAM = Y7X3534ZWR;
				GCC_PREPROCESSOR_DEFINITIONS = (
					"$(inherited)",
					"COCOAPODS=1",
					"$(inherited)",
					"PB_FIELD_32BIT=1",
					"PB_NO_PACKED_STRUCTS=1",
					"PB_ENABLE_MALLOC=1",
				);
				INFOPLIST_FILE = RADAdvertiserDemo/Resources/Second/Info.plist;
				IPHONEOS_DEPLOYMENT_TARGET = 13.0;
				LD_RUNPATH_SEARCH_PATHS = (
					"$(inherited)",
					"@executable_path/Frameworks",
				);
				MARKETING_VERSION = 1.0.0;
				OTHER_SWIFT_FLAGS = "$(inherited) -D COCOAPODS -D SECOND_APP";
				PRODUCT_BUNDLE_IDENTIFIER = com.rakutenadvertising.RADAdvertiserDemoSecond;
				PRODUCT_NAME = "Adv Second Demo";
				PROVISIONING_PROFILE_SPECIFIER = "RAd Advertiser Demo Second DEV PP";
				SWIFT_VERSION = 5.0;
				TARGETED_DEVICE_FAMILY = 1;
			};
			name = Debug;
		};
		57CF55AA24CF04440006E105 /* Release */ = {
			isa = XCBuildConfiguration;
			baseConfigurationReference = A8B771A82BC1E5DB4CC3B7F6 /* Pods-Second.release.xcconfig */;
			buildSettings = {
				ASSETCATALOG_COMPILER_APPICON_NAME = AppIcon;
				CODE_SIGN_ENTITLEMENTS = RADAdvertiserDemo/Resources/Second/AppEntitlements.entitlements;
				CODE_SIGN_IDENTITY = "iPhone Distribution";
				CODE_SIGN_STYLE = Manual;
				CURRENT_PROJECT_VERSION = 55;
				DEVELOPMENT_TEAM = Y7X3534ZWR;
				GCC_PREPROCESSOR_DEFINITIONS = (
					"$(inherited)",
					"COCOAPODS=1",
					"$(inherited)",
					"PB_FIELD_32BIT=1",
					"PB_NO_PACKED_STRUCTS=1",
					"PB_ENABLE_MALLOC=1",
				);
				INFOPLIST_FILE = RADAdvertiserDemo/Resources/Second/Info.plist;
				IPHONEOS_DEPLOYMENT_TARGET = 13.0;
				LD_RUNPATH_SEARCH_PATHS = (
					"$(inherited)",
					"@executable_path/Frameworks",
				);
				MARKETING_VERSION = 1.0.0;
				OTHER_SWIFT_FLAGS = "$(inherited) -D COCOAPODS -D SECOND_APP";
				PRODUCT_BUNDLE_IDENTIFIER = com.rakutenadvertising.RADAdvertiserDemoSecond;
				PRODUCT_NAME = "Adv Second Demo";
				PROVISIONING_PROFILE_SPECIFIER = "RAd Advertiser Demo Second Production PP";
				SWIFT_VERSION = 5.0;
				TARGETED_DEVICE_FAMILY = 1;
			};
			name = Release;
		};
/* End XCBuildConfiguration section */

/* Begin XCConfigurationList section */
		57436CDB243785820010B7E9 /* Build configuration list for PBXProject "RADAdvertiserDemo" */ = {
			isa = XCConfigurationList;
			buildConfigurations = (
				57436CF2243785840010B7E9 /* Debug */,
				57436CF3243785840010B7E9 /* Release */,
			);
			defaultConfigurationIsVisible = 0;
			defaultConfigurationName = Release;
		};
		57436CF4243785840010B7E9 /* Build configuration list for PBXNativeTarget "Main" */ = {
			isa = XCConfigurationList;
			buildConfigurations = (
				57436CF5243785840010B7E9 /* Debug */,
				57436CF6243785840010B7E9 /* Release */,
			);
			defaultConfigurationIsVisible = 0;
			defaultConfigurationName = Release;
		};
		57CF55A824CF04440006E105 /* Build configuration list for PBXNativeTarget "Second" */ = {
			isa = XCConfigurationList;
			buildConfigurations = (
				57CF55A924CF04440006E105 /* Debug */,
				57CF55AA24CF04440006E105 /* Release */,
			);
			defaultConfigurationIsVisible = 0;
			defaultConfigurationName = Release;
		};
/* End XCConfigurationList section */
	};
	rootObject = 57436CD8243785820010B7E9 /* Project object */;
}
